{
  "name": "hifive",
  "version": "1.0.0",
  "lockfileVersion": 1,
  "requires": true,
  "dependencies": {
    "rollup": {
      "version": "0.51.8",
      "resolved": "https://registry.npmjs.org/rollup/-/rollup-0.51.8.tgz",
      "integrity": "sha512-e7FwWxqb4vhdonmwRH06nqC9wR6h1kZojK2D+lN1xjiB8FDtAKgy7o+r8fCXVzQZ1ZCdcVlls3mTq5g6u38Jew==",
      "dev": true
    }
  }
}
